
Microsoft Visual Studio Solution File, Format Version 12.00
# Visual Studio Version 16
VisualStudioVersion = 16.0.33328.57
MinimumVisualStudioVersion = 10.0.40219.1
Project("{FAE04EC0-301F-11D3-BF4B-00C04F79EFBC}") = "AppQuantity.UWP", "AppQuantity\AppQuantity.UWP\AppQuantity.UWP.csproj", "{7A0B19FD-6FD4-43A6-BD60-2B343ED0F64F}"
EndProject
Project("{FAE04EC0-301F-11D3-BF4B-00C04F79EFBC}") = "AppQuantity.Android", "AppQuantity\AppQuantity.Android\AppQuantity.Android.csproj", "{226602C2-1221-467B-AFA0-6A9F1A968A82}"
EndProject
Project("{FAE04EC0-301F-11D3-BF4B-00C04F79EFBC}") = "AppQuantity.iOS", "AppQuantity\AppQuantity.iOS\AppQuantity.iOS.csproj", "{264D413F-8695-4AAF-AC85-032977AD2053}"
EndProject
Project("{FAE04EC0-301F-11D3-BF4B-00C04F79EFBC}") = "AppQuantity", "AppQuantity\AppQuantity\AppQuantity.csproj", "{16E48B73-5AEB-4CE2-82A8-0D065D73A7FC}"
EndProject
Global
	GlobalSection(SolutionConfigurationPlatforms) = preSolution
		Debug|Any CPU = Debug|Any CPU
		Debug|ARM = Debug|ARM
		Debug|iPhone = Debug|iPhone
		Debug|iPhoneSimulator = Debug|iPhoneSimulator
		Debug|x64 = Debug|x64
		Debug|x86 = Debug|x86
		Release|Any CPU = Release|Any CPU
		Release|ARM = Release|ARM
		Release|iPhone = Release|iPhone
		Release|iPhoneSimulator = Release|iPhoneSimulator
		Release|x64 = Release|x64
		Release|x86 = Release|x86
	EndGlobalSection
	GlobalSection(ProjectConfigurationPlatforms) = postSolution
		{7A0B19FD-6FD4-43A6-BD60-2B343ED0F64F}.Debug|Any CPU.ActiveCfg = Debug|x86
		{7A0B19FD-6FD4-43A6-BD60-2B343ED0F64F}.Debug|Any CPU.Build.0 = Debug|x86
		{7A0B19FD-6FD4-43A6-BD60-2B343ED0F64F}.Debug|Any CPU.Deploy.0 = Debug|x86
		{7A0B19FD-6FD4-43A6-BD60-2B343ED0F64F}.Debug|ARM.ActiveCfg = Debug|ARM
		{7A0B19FD-6FD4-43A6-BD60-2B343ED0F64F}.Debug|ARM.Build.0 = Debug|ARM
		{7A0B19FD-6FD4-43A6-BD60-2B343ED0F64F}.Debug|ARM.Deploy.0 = Debug|ARM
		{7A0B19FD-6FD4-43A6-BD60-2B343ED0F64F}.Debug|iPhone.ActiveCfg = Debug|x86
		{7A0B19FD-6FD4-43A6-BD60-2B343ED0F64F}.Debug|iPhone.Build.0 = Debug|x86
		{7A0B19FD-6FD4-43A6-BD60-2B343ED0F64F}.Debug|iPhone.Deploy.0 = Debug|x86
		{7A0B19FD-6FD4-43A6-BD60-2B343ED0F64F}.Debug|iPhoneSimulator.ActiveCfg = Debug|x86
		{7A0B19FD-6FD4-43A6-BD60-2B343ED0F64F}.Debug|iPhoneSimulator.Build.0 = Debug|x86
		{7A0B19FD-6FD4-43A6-BD60-2B343ED0F64F}.Debug|iPhoneSimulator.Deploy.0 = Debug|x86
		{7A0B19FD-6FD4-43A6-BD60-2B343ED0F64F}.Debug|x64.ActiveCfg = Debug|x64
		{7A0B19FD-6FD4-43A6-BD60-2B343ED0F64F}.Debug|x64.Build.0 = Debug|x64
		{7A0B19FD-6FD4-43A6-BD60-2B343ED0F64F}.Debug|x64.Deploy.0 = Debug|x64
		{7A0B19FD-6FD4-43A6-BD60-2B343ED0F64F}.Debug|x86.ActiveCfg = Debug|x86
		{7A0B19FD-6FD4-43A6-BD60-2B343ED0F64F}.Debug|x86.Build.0 = Debug|x86
		{7A0B19FD-6FD4-43A6-BD60-2B343ED0F64F}.Debug|x86.Deploy.0 = Debug|x86
		{7A0B19FD-6FD4-43A6-BD60-2B343ED0F64F}.Release|Any CPU.ActiveCfg = Release|x86
		{7A0B19FD-6FD4-43A6-BD60-2B343ED0F64F}.Release|Any CPU.Build.0 = Release|x86
		{7A0B19FD-6FD4-43A6-BD60-2B343ED0F64F}.Release|Any CPU.Deploy.0 = Release|x86
		{7A0B19FD-6FD4-43A6-BD60-2B343ED0F64F}.Release|ARM.ActiveCfg = Release|ARM
		{7A0B19FD-6FD4-43A6-BD60-2B343ED0F64F}.Release|ARM.Build.0 = Release|ARM
		{7A0B19FD-6FD4-43A6-BD60-2B343ED0F64F}.Release|ARM.Deploy.0 = Release|ARM
		{7A0B19FD-6FD4-43A6-BD60-2B343ED0F64F}.Release|iPhone.ActiveCfg = Release|x86
		{7A0B19FD-6FD4-43A6-BD60-2B343ED0F64F}.Release|iPhone.Build.0 = Release|x86
		{7A0B19FD-6FD4-43A6-BD60-2B343ED0F64F}.Release|iPhone.Deploy.0 = Release|x86
		{7A0B19FD-6FD4-43A6-BD60-2B343ED0F64F}.Release|iPhoneSimulator.ActiveCfg = Release|x86
		{7A0B19FD-6FD4-43A6-BD60-2B343ED0F64F}.Release|iPhoneSimulator.Build.0 = Release|x86
		{7A0B19FD-6FD4-43A6-BD60-2B343ED0F64F}.Release|iPhoneSimulator.Deploy.0 = Release|x86
		{7A0B19FD-6FD4-43A6-BD60-2B343ED0F64F}.Release|x64.ActiveCfg = Release|x64
		{7A0B19FD-6FD4-43A6-BD60-2B343ED0F64F}.Release|x64.Build.0 = Release|x64
		{7A0B19FD-6FD4-43A6-BD60-2B343ED0F64F}.Release|x64.Deploy.0 = Release|x64
		{7A0B19FD-6FD4-43A6-BD60-2B343ED0F64F}.Release|x86.ActiveCfg = Release|x86
		{7A0B19FD-6FD4-43A6-BD60-2B343ED0F64F}.Release|x86.Build.0 = Release|x86
		{7A0B19FD-6FD4-43A6-BD60-2B343ED0F64F}.Release|x86.Deploy.0 = Release|x86
		{226602C2-1221-467B-AFA0-6A9F1A968A82}.Debug|Any CPU.ActiveCfg = Debug|Any CPU
		{226602C2-1221-467B-AFA0-6A9F1A968A82}.Debug|Any CPU.Build.0 = Debug|Any CPU
		{226602C2-1221-467B-AFA0-6A9F1A968A82}.Debug|Any CPU.Deploy.0 = Debug|Any CPU
		{226602C2-1221-467B-AFA0-6A9F1A968A82}.Debug|ARM.ActiveCfg = Debug|Any CPU
		{226602C2-1221-467B-AFA0-6A9F1A968A82}.Debug|ARM.Build.0 = Debug|Any CPU
		{226602C2-1221-467B-AFA0-6A9F1A968A82}.Debug|ARM.Deploy.0 = Debug|Any CPU
		{226602C2-1221-467B-AFA0-6A9F1A968A82}.Debug|iPhone.ActiveCfg = Debug|Any CPU
		{226602C2-1221-467B-AFA0-6A9F1A968A82}.Debug|iPhone.Build.0 = Debug|Any CPU
		{226602C2-1221-467B-AFA0-6A9F1A968A82}.Debug|iPhone.Deploy.0 = Debug|Any CPU
		{226602C2-1221-467B-AFA0-6A9F1A968A82}.Debug|iPhoneSimulator.ActiveCfg = Debug|Any CPU
		{226602C2-1221-467B-AFA0-6A9F1A968A82}.Debug|iPhoneSimulator.Build.0 = Debug|Any CPU
		{226602C2-1221-467B-AFA0-6A9F1A968A82}.Debug|iPhoneSimulator.Deploy.0 = Debug|Any CPU
		{226602C2-1221-467B-AFA0-6A9F1A968A82}.Debug|x64.ActiveCfg = Debug|Any CPU
		{226602C2-1221-467B-AFA0-6A9F1A968A82}.Debug|x64.Build.0 = Debug|Any CPU
		{226602C2-1221-467B-AFA0-6A9F1A968A82}.Debug|x64.Deploy.0 = Debug|Any CPU
		{226602C2-1221-467B-AFA0-6A9F1A968A82}.Debug|x86.ActiveCfg = Debug|Any CPU
		{226602C2-1221-467B-AFA0-6A9F1A968A82}.Debug|x86.Build.0 = Debug|Any CPU
		{226602C2-1221-467B-AFA0-6A9F1A968A82}.Debug|x86.Deploy.0 = Debug|Any CPU
		{226602C2-1221-467B-AFA0-6A9F1A968A82}.Release|Any CPU.ActiveCfg = Release|Any CPU
		{226602C2-1221-467B-AFA0-6A9F1A968A82}.Release|Any CPU.Build.0 = Release|Any CPU
		{226602C2-1221-467B-AFA0-6A9F1A968A82}.Release|Any CPU.Deploy.0 = Release|Any CPU
		{226602C2-1221-467B-AFA0-6A9F1A968A82}.Release|ARM.ActiveCfg = Release|Any CPU
		{226602C2-1221-467B-AFA0-6A9F1A968A82}.Release|ARM.Build.0 = Release|Any CPU
		{226602C2-1221-467B-AFA0-6A9F1A968A82}.Release|ARM.Deploy.0 = Release|Any CPU
		{226602C2-1221-467B-AFA0-6A9F1A968A82}.Release|iPhone.ActiveCfg = Release|Any CPU
		{226602C2-1221-467B-AFA0-6A9F1A968A82}.Release|iPhone.Build.0 = Release|Any CPU
		{226602C2-1221-467B-AFA0-6A9F1A968A82}.Release|iPhone.Deploy.0 = Release|Any CPU
		{226602C2-1221-467B-AFA0-6A9F1A968A82}.Release|iPhoneSimulator.ActiveCfg = Release|Any CPU
		{226602C2-1221-467B-AFA0-6A9F1A968A82}.Release|iPhoneSimulator.Build.0 = Release|Any CPU
		{226602C2-1221-467B-AFA0-6A9F1A968A82}.Release|iPhoneSimulator.Deploy.0 = Release|Any CPU
		{226602C2-1221-467B-AFA0-6A9F1A968A82}.Release|x64.ActiveCfg = Release|Any CPU
		{226602C2-1221-467B-AFA0-6A9F1A968A82}.Release|x64.Build.0 = Release|Any CPU
		{226602C2-1221-467B-AFA0-6A9F1A968A82}.Release|x64.Deploy.0 = Release|Any CPU
		{226602C2-1221-467B-AFA0-6A9F1A968A82}.Release|x86.ActiveCfg = Release|Any CPU
		{226602C2-1221-467B-AFA0-6A9F1A968A82}.Release|x86.Build.0 = Release|Any CPU
		{226602C2-1221-467B-AFA0-6A9F1A968A82}.Release|x86.Deploy.0 = Release|Any CPU
		{264D413F-8695-4AAF-AC85-032977AD2053}.Debug|Any CPU.ActiveCfg = Debug|iPhoneSimulator
		{264D413F-8695-4AAF-AC85-032977AD2053}.Debug|Any CPU.Build.0 = Debug|iPhoneSimulator
		{264D413F-8695-4AAF-AC85-032977AD2053}.Debug|Any CPU.Deploy.0 = Debug|iPhoneSimulator
		{264D413F-8695-4AAF-AC85-032977AD2053}.Debug|ARM.ActiveCfg = Debug|iPhone
		{264D413F-8695-4AAF-AC85-032977AD2053}.Debug|ARM.Build.0 = Debug|iPhone
		{264D413F-8695-4AAF-AC85-032977AD2053}.Debug|ARM.Deploy.0 = Debug|iPhone
		{264D413F-8695-4AAF-AC85-032977AD2053}.Debug|iPhone.ActiveCfg = Debug|iPhone
		{264D413F-8695-4AAF-AC85-032977AD2053}.Debug|iPhone.Build.0 = Debug|iPhone
		{264D413F-8695-4AAF-AC85-032977AD2053}.Debug|iPhone.Deploy.0 = Debug|iPhone
		{264D413F-8695-4AAF-AC85-032977AD2053}.Debug|iPhoneSimulator.ActiveCfg = Debug|iPhoneSimulator
		{264D413F-8695-4AAF-AC85-032977AD2053}.Debug|iPhoneSimulator.Build.0 = Debug|iPhoneSimulator
		{264D413F-8695-4AAF-AC85-032977AD2053}.Debug|iPhoneSimulator.Deploy.0 = Debug|iPhoneSimulator
		{264D413F-8695-4AAF-AC85-032977AD2053}.Debug|x64.ActiveCfg = Debug|iPhoneSimulator
		{264D413F-8695-4AAF-AC85-032977AD2053}.Debug|x64.Build.0 = Debug|iPhoneSimulator
		{264D413F-8695-4AAF-AC85-032977AD2053}.Debug|x64.Deploy.0 = Debug|iPhoneSimulator
		{264D413F-8695-4AAF-AC85-032977AD2053}.Debug|x86.ActiveCfg = Debug|iPhoneSimulator
		{264D413F-8695-4AAF-AC85-032977AD2053}.Debug|x86.Build.0 = Debug|iPhoneSimulator
		{264D413F-8695-4AAF-AC85-032977AD2053}.Debug|x86.Deploy.0 = Debug|iPhoneSimulator
		{264D413F-8695-4AAF-AC85-032977AD2053}.Release|Any CPU.ActiveCfg = Release|iPhoneSimulator
		{264D413F-8695-4AAF-AC85-032977AD2053}.Release|Any CPU.Build.0 = Release|iPhoneSimulator
		{264D413F-8695-4AAF-AC85-032977AD2053}.Release|Any CPU.Deploy.0 = Release|iPhoneSimulator
		{264D413F-8695-4AAF-AC85-032977AD2053}.Release|ARM.ActiveCfg = Release|iPhoneSimulator
		{264D413F-8695-4AAF-AC85-032977AD2053}.Release|ARM.Build.0 = Release|iPhoneSimulator
		{264D413F-8695-4AAF-AC85-032977AD2053}.Release|ARM.Deploy.0 = Release|iPhoneSimulator
		{264D413F-8695-4AAF-AC85-032977AD2053}.Release|iPhone.ActiveCfg = Release|iPhone
		{264D413F-8695-4AAF-AC85-032977AD2053}.Release|iPhone.Build.0 = Release|iPhone
		{264D413F-8695-4AAF-AC85-032977AD2053}.Release|iPhone.Deploy.0 = Release|iPhone
		{264D413F-8695-4AAF-AC85-032977AD2053}.Release|iPhoneSimulator.ActiveCfg = Release|iPhoneSimulator
		{264D413F-8695-4AAF-AC85-032977AD2053}.Release|iPhoneSimulator.Build.0 = Release|iPhoneSimulator
		{264D413F-8695-4AAF-AC85-032977AD2053}.Release|iPhoneSimulator.Deploy.0 = Release|iPhoneSimulator
		{264D413F-8695-4AAF-AC85-032977AD2053}.Release|x64.ActiveCfg = Release|iPhoneSimulator
		{264D413F-8695-4AAF-AC85-032977AD2053}.Release|x64.Build.0 = Release|iPhoneSimulator
		{264D413F-8695-4AAF-AC85-032977AD2053}.Release|x64.Deploy.0 = Release|iPhoneSimulator
		{264D413F-8695-4AAF-AC85-032977AD2053}.Release|x86.ActiveCfg = Release|iPhoneSimulator
		{264D413F-8695-4AAF-AC85-032977AD2053}.Release|x86.Build.0 = Release|iPhoneSimulator
		{264D413F-8695-4AAF-AC85-032977AD2053}.Release|x86.Deploy.0 = Release|iPhoneSimulator
		{16E48B73-5AEB-4CE2-82A8-0D065D73A7FC}.Debug|Any CPU.ActiveCfg = Debug|Any CPU
		{16E48B73-5AEB-4CE2-82A8-0D065D73A7FC}.Debug|Any CPU.Build.0 = Debug|Any CPU
		{16E48B73-5AEB-4CE2-82A8-0D065D73A7FC}.Debug|Any CPU.Deploy.0 = Debug|Any CPU
		{16E48B73-5AEB-4CE2-82A8-0D065D73A7FC}.Debug|ARM.ActiveCfg = Debug|Any CPU
		{16E48B73-5AEB-4CE2-82A8-0D065D73A7FC}.Debug|ARM.Build.0 = Debug|Any CPU
		{16E48B73-5AEB-4CE2-82A8-0D065D73A7FC}.Debug|ARM.Deploy.0 = Debug|Any CPU
		{16E48B73-5AEB-4CE2-82A8-0D065D73A7FC}.Debug|iPhone.ActiveCfg = Debug|Any CPU
		{16E48B73-5AEB-4CE2-82A8-0D065D73A7FC}.Debug|iPhone.Build.0 = Debug|Any CPU
		{16E48B73-5AEB-4CE2-82A8-0D065D73A7FC}.Debug|iPhone.Deploy.0 = Debug|Any CPU
		{16E48B73-5AEB-4CE2-82A8-0D065D73A7FC}.Debug|iPhoneSimulator.ActiveCfg = Debug|Any CPU
		{16E48B73-5AEB-4CE2-82A8-0D065D73A7FC}.Debug|iPhoneSimulator.Build.0 = Debug|Any CPU
		{16E48B73-5AEB-4CE2-82A8-0D065D73A7FC}.Debug|iPhoneSimulator.Deploy.0 = Debug|Any CPU
		{16E48B73-5AEB-4CE2-82A8-0D065D73A7FC}.Debug|x64.ActiveCfg = Debug|Any CPU
		{16E48B73-5AEB-4CE2-82A8-0D065D73A7FC}.Debug|x64.Build.0 = Debug|Any CPU
		{16E48B73-5AEB-4CE2-82A8-0D065D73A7FC}.Debug|x64.Deploy.0 = Debug|Any CPU
		{16E48B73-5AEB-4CE2-82A8-0D065D73A7FC}.Debug|x86.ActiveCfg = Debug|Any CPU
		{16E48B73-5AEB-4CE2-82A8-0D065D73A7FC}.Debug|x86.Build.0 = Debug|Any CPU
		{16E48B73-5AEB-4CE2-82A8-0D065D73A7FC}.Debug|x86.Deploy.0 = Debug|Any CPU
		{16E48B73-5AEB-4CE2-82A8-0D065D73A7FC}.Release|Any CPU.ActiveCfg = Release|Any CPU
		{16E48B73-5AEB-4CE2-82A8-0D065D73A7FC}.Release|Any CPU.Build.0 = Release|Any CPU
		{16E48B73-5AEB-4CE2-82A8-0D065D73A7FC}.Release|Any CPU.Deploy.0 = Release|Any CPU
		{16E48B73-5AEB-4CE2-82A8-0D065D73A7FC}.Release|ARM.ActiveCfg = Release|Any CPU
		{16E48B73-5AEB-4CE2-82A8-0D065D73A7FC}.Release|ARM.Build.0 = Release|Any CPU
		{16E48B73-5AEB-4CE2-82A8-0D065D73A7FC}.Release|ARM.Deploy.0 = Release|Any CPU
		{16E48B73-5AEB-4CE2-82A8-0D065D73A7FC}.Release|iPhone.ActiveCfg = Release|Any CPU
		{16E48B73-5AEB-4CE2-82A8-0D065D73A7FC}.Release|iPhone.Build.0 = Release|Any CPU
		{16E48B73-5AEB-4CE2-82A8-0D065D73A7FC}.Release|iPhone.Deploy.0 = Release|Any CPU
		{16E48B73-5AEB-4CE2-82A8-0D065D73A7FC}.Release|iPhoneSimulator.ActiveCfg = Release|Any CPU
		{16E48B73-5AEB-4CE2-82A8-0D065D73A7FC}.Release|iPhoneSimulator.Build.0 = Release|Any CPU
		{16E48B73-5AEB-4CE2-82A8-0D065D73A7FC}.Release|iPhoneSimulator.Deploy.0 = Release|Any CPU
		{16E48B73-5AEB-4CE2-82A8-0D065D73A7FC}.Release|x64.ActiveCfg = Release|Any CPU
		{16E48B73-5AEB-4CE2-82A8-0D065D73A7FC}.Release|x64.Build.0 = Release|Any CPU
		{16E48B73-5AEB-4CE2-82A8-0D065D73A7FC}.Release|x64.Deploy.0 = Release|Any CPU
		{16E48B73-5AEB-4CE2-82A8-0D065D73A7FC}.Release|x86.ActiveCfg = Release|Any CPU
		{16E48B73-5AEB-4CE2-82A8-0D065D73A7FC}.Release|x86.Build.0 = Release|Any CPU
		{16E48B73-5AEB-4CE2-82A8-0D065D73A7FC}.Release|x86.Deploy.0 = Release|Any CPU
	EndGlobalSection
	GlobalSection(SolutionProperties) = preSolution
		HideSolutionNode = FALSE
	EndGlobalSection
	GlobalSection(ExtensibilityGlobals) = postSolution
		SolutionGuid = {BFE102FD-3E6A-41DA-8D85-AB625DB58488}
	EndGlobalSection
EndGlobal
